{
  "name": "calculate-tax-rate",
  "version": "1.0.0",
  "lockfileVersion": 3,
  "requires": true,
  "packages": {
    "": {
      "name": "calculate-tax-rate",
      "version": "1.0.0",
      "dependencies": {
        "bson": "^5.5.1"
      }
    },
    "node_modules/bson": {
      "version": "5.5.1",
      "resolved": "https://registry.npmjs.org/bson/-/bson-5.5.1.tgz",
      "integrity": "sha512-ix0EwukN2EpC0SRWIj/7B5+A6uQMQy6KMREI9qQqvgpkV2frH63T0UDVd1SYedL6dNCmDBYB3QtXi4ISk9YT+g==",
      "license": "Apache-2.0",
      "engines": {
        "node": ">=14.20.1"
      }
    }
  }
}
