{
  "name": "list-tax-rates-webapi",
  "version": "1.0.0",
  "lockfileVersion": 3,
  "requires": true,
  "packages": {
    "": {
      "name": "list-tax-rates-webapi",
      "version": "1.0.0",
      "dependencies": {
        "@adobe/aio-lib-core-auth": "^1.1.0"
      }
    },
    "node_modules/@adobe/aio-lib-core-auth": {
      "version": "1.1.0",
      "resolved": "https://registry.npmjs.org/@adobe/aio-lib-core-auth/-/aio-lib-core-auth-1.1.0.tgz",
      "integrity": "sha512-q+o/xHXdJaH4tcLlfiklQWF3LNrlerCdPKhci0svpcDjV3QuTr8eeXf8C+gOhyxhqM60TQt1kDzfKMkiMN3P8Q==",
      "license": "Apache-2.0",
      "dependencies": {
        "@adobe/aio-lib-core-errors": "^4.0.0",
        "@isaacs/ttlcache": "^2.1.4"
      },
      "engines": {
        "node": ">=20"
      }
    },
    "node_modules/@adobe/aio-lib-core-errors": {
      "version": "4.0.1",
      "resolved": "https://registry.npmjs.org/@adobe/aio-lib-core-errors/-/aio-lib-core-errors-4.0.1.tgz",
      "integrity": "sha512-zrQm9TJh13wEHH5O2TQAUQvYGGe01R9DHzKy+b6B0URbl2lcuqXyNiUx896lpcgXD2bzUoH7ARRH97aCW2tlfw==",
      "license": "Apache-2.0"
    },
    "node_modules/@isaacs/ttlcache": {
      "version": "2.1.4",
      "resolved": "https://registry.npmjs.org/@isaacs/ttlcache/-/ttlcache-2.1.4.tgz",
      "integrity": "sha512-7kMz0BJpMvgAMkyglums7B2vtrn5g0a0am77JY0GjkZZNetOBCFn7AG7gKCwT0QPiXyxW7YIQSgtARknUEOcxQ==",
      "license": "BlueOak-1.0.0",
      "engines": {
        "node": ">=12"
      }
    }
  }
}
